<?xml version="1.0" encoding="utf-8"?>
<Project ToolsVersion="4.0" xmlns="http://schemas.microsoft.com/developer/msbuild/2003">
  <ItemGroup>
    <Filter Include="nvse">
      <UniqueIdentifier>{92a4f350-f2ec-4fca-bdd3-927732d91b34}</UniqueIdentifier>
    </Filter>
    <Filter Include="kNVSE">
      <UniqueIdentifier>{193ba5b1-b715-4471-9f28-4ca86b89e792}</UniqueIdentifier>
    </Filter>
    <Filter Include="ppNVSE">
      <UniqueIdentifier>{a1c9836a-a39e-4f12-8985-c1ef763a84e5}</UniqueIdentifier>
    </Filter>
    <Filter Include="ppNVSE\SaveSystem">
      <UniqueIdentifier>{47ad13fa-f0af-4d2a-8b4b-4533629f107d}</UniqueIdentifier>
    </Filter>
    <Filter Include="ppNVSE\SaveSystem\Load/Save">
      <UniqueIdentifier>{d5400dec-b9cd-4980-b056-4abcebcd4277}</UniqueIdentifier>
    </Filter>
    <Filter Include="ppNVSE\DataExtensions">
      <UniqueIdentifier>{449196dc-49b5-4ef5-b806-9935e9c6a4da}</UniqueIdentifier>
    </Filter>
    <Filter Include="RecycleBin">
      <UniqueIdentifier>{8d994140-73ca-47df-9d5e-5f400dbd8858}</UniqueIdentifier>
    </Filter>
    <Filter Include="ppNVSE\functions">
      <UniqueIdentifier>{010e4101-a209-4fed-af9f-5ffa21a85c34}</UniqueIdentifier>
    </Filter>
    <Filter Include="ppNVSE\OBS_GekUDFs">
      <UniqueIdentifier>{b0db34de-3d9c-4927-a386-d11d8a2740df}</UniqueIdentifier>
    </Filter>
    <Filter Include="ppNVSE\Initializers">
      <UniqueIdentifier>{ef8d6125-bf4d-459c-8f82-ec760bdc3b29}</UniqueIdentifier>
    </Filter>
    <Filter Include="ppNVSE\InventoryRefs">
      <UniqueIdentifier>{bf5f6eee-2f10-4e22-be69-8e36cf1451d9}</UniqueIdentifier>
    </Filter>
    <Filter Include="ppNVSE\KitLoader">
      <UniqueIdentifier>{0c7eff26-8f58-4daf-b361-0ad53480202c}</UniqueIdentifier>
    </Filter>
    <Filter Include="ppNVSE\DataExtensions\AuxVars">
      <UniqueIdentifier>{32be23d1-8290-4a01-9541-9b6041cb19ef}</UniqueIdentifier>
    </Filter>
    <Filter Include="ppNVSE\KitLoader\MainFunctions">
      <UniqueIdentifier>{e27578cd-027a-462c-abfd-14fa36a4d923}</UniqueIdentifier>
    </Filter>
    <Filter Include="ppNVSE\KitLoader\ScriptConverter">
      <UniqueIdentifier>{185fa757-be05-4c47-b5ca-5be34ca098bc}</UniqueIdentifier>
    </Filter>
    <Filter Include="ppNVSE\Instances">
      <UniqueIdentifier>{c605b2bd-2935-449c-82d2-129fdb00edfb}</UniqueIdentifier>
    </Filter>
  </ItemGroup>
  <ItemGroup>
    <ClCompile Include="..\nvse\nvse\GameAPI.cpp">
      <Filter>nvse</Filter>
    </ClCompile>
    <ClCompile Include="..\nvse\nvse\GameBSExtraData.cpp">
      <Filter>nvse</Filter>
    </ClCompile>
    <ClCompile Include="..\nvse\nvse\GameData.cpp">
      <Filter>nvse</Filter>
    </ClCompile>
    <ClCompile Include="..\nvse\nvse\GameExtraData.cpp">
      <Filter>nvse</Filter>
    </ClCompile>
    <ClCompile Include="..\nvse\nvse\GameForms.cpp">
      <Filter>nvse</Filter>
    </ClCompile>
    <ClCompile Include="..\nvse\nvse\GameObjects.cpp">
      <Filter>nvse</Filter>
    </ClCompile>
    <ClCompile Include="..\nvse\nvse\GameOSDepend.cpp">
      <Filter>nvse</Filter>
    </ClCompile>
    <ClCompile Include="..\nvse\nvse\GameRTTI.cpp">
      <Filter>nvse</Filter>
    </ClCompile>
    <ClCompile Include="..\nvse\nvse\GameScript.cpp">
      <Filter>nvse</Filter>
    </ClCompile>
    <ClCompile Include="..\nvse\nvse\GameSettings.cpp">
      <Filter>nvse</Filter>
    </ClCompile>
    <ClCompile Include="..\nvse\nvse\GameTasks.cpp">
      <Filter>nvse</Filter>
    </ClCompile>
    <ClCompile Include="..\nvse\nvse\GameTiles.cpp">
      <Filter>nvse</Filter>
    </ClCompile>
    <ClCompile Include="..\nvse\nvse\GameTypes.cpp">
      <Filter>nvse</Filter>
    </ClCompile>
    <ClCompile Include="..\nvse\nvse\SafeWrite.cpp">
      <Filter>nvse</Filter>
    </ClCompile>
    <ClCompile Include="..\nvse\nvse\Utilities.cpp">
      <Filter>nvse</Filter>
    </ClCompile>
    <ClCompile Include="dllmain.c" />
    <ClCompile Include="main.cpp" />
    <ClCompile Include="..\nvse\nvse\containers.cpp">
      <Filter>nvse</Filter>
    </ClCompile>
    <ClCompile Include="..\nvse\nvse\utility.cpp">
      <Filter>nvse</Filter>
    </ClCompile>
    <ClCompile Include="..\nvse\nvse\printf.cpp">
      <Filter>nvse</Filter>
    </ClCompile>
    <ClCompile Include="..\nvse\nvse\GameProcess.cpp">
      <Filter>nvse</Filter>
    </ClCompile>
    <ClCompile Include="..\nvse\nvse\InventoryReference.cpp">
      <Filter>nvse</Filter>
    </ClCompile>
    <ClCompile Include="game_types.cpp">
      <Filter>kNVSE</Filter>
    </ClCompile>
    <ClCompile Include="SaveSystem.cpp">
      <Filter>ppNVSE\SaveSystem</Filter>
    </ClCompile>
    <ClCompile Include="L1_Load.cpp">
      <Filter>ppNVSE\SaveSystem\Load/Save</Filter>
    </ClCompile>
    <ClCompile Include="L2_Save.cpp">
      <Filter>ppNVSE\SaveSystem\Load/Save</Filter>
    </ClCompile>
    <ClCompile Include="L3_SaveHooks.cpp">
      <Filter>ppNVSE\SaveSystem\Load/Save</Filter>
    </ClCompile>
    <ClCompile Include="Actor_Ext.cpp">
      <Filter>ppNVSE\DataExtensions</Filter>
    </ClCompile>
    <ClCompile Include="TESForm_Ext.cpp">
      <Filter>ppNVSE\DataExtensions</Filter>
    </ClCompile>
    <ClCompile Include="ScrappedFunctions.cpp">
      <Filter>RecycleBin</Filter>
    </ClCompile>
    <ClCompile Include="InitHooks.cpp">
      <Filter>ppNVSE\Initializers</Filter>
    </ClCompile>
    <ClCompile Include="TESObjectREFR_Ext.cpp">
      <Filter>ppNVSE\DataExtensions</Filter>
    </ClCompile>
    <ClCompile Include="InventoryRef.cpp">
      <Filter>ppNVSE\InventoryRefs</Filter>
    </ClCompile>
    <ClCompile Include="EventHandlers.cpp">
      <Filter>ppNVSE\DataExtensions</Filter>
    </ClCompile>
    <ClCompile Include="Link_kNVSE.cpp">
      <Filter>ppNVSE\Initializers</Filter>
    </ClCompile>
    <ClCompile Include="Base_Ext.cpp">
      <Filter>ppNVSE\DataExtensions</Filter>
    </ClCompile>
    <ClCompile Include="AuxVars.cpp">
      <Filter>ppNVSE\DataExtensions\AuxVars</Filter>
    </ClCompile>
    <ClCompile Include="KitLoader.cpp">
      <Filter>ppNVSE\KitLoader</Filter>
    </ClCompile>
    <ClCompile Include="WeaponModFunctions.cpp">
      <Filter>ppNVSE\KitLoader\MainFunctions</Filter>
    </ClCompile>
    <ClCompile Include="WeaponFunctions.cpp">
      <Filter>ppNVSE\KitLoader\MainFunctions</Filter>
    </ClCompile>
    <ClCompile Include="General.cpp">
      <Filter>ppNVSE\KitLoader\MainFunctions</Filter>
    </ClCompile>
    <ClCompile Include="DevkitCompiler.cpp">
      <Filter>ppNVSE\KitLoader</Filter>
    </ClCompile>
    <ClCompile Include="ScriptFunctions.cpp">
      <Filter>ppNVSE\KitLoader\MainFunctions</Filter>
    </ClCompile>
    <ClCompile Include="ScriptConverter.cpp">
      <Filter>ppNVSE\KitLoader\ScriptConverter</Filter>
    </ClCompile>
    <ClCompile Include="DevkitListFunctions.cpp">
      <Filter>ppNVSE\KitLoader\MainFunctions</Filter>
    </ClCompile>
    <ClCompile Include="KitInfoFunctions.cpp">
      <Filter>ppNVSE\KitLoader\MainFunctions</Filter>
    </ClCompile>
    <ClCompile Include="WeaponSmith.cpp">
      <Filter>ppNVSE\Instances</Filter>
    </ClCompile>
    <ClCompile Include="InstanceLoadSave.cpp">
      <Filter>ppNVSE\Instances</Filter>
    </ClCompile>
  </ItemGroup>
  <ItemGroup>
    <ClInclude Include="..\nvse\nvse\GameAPI.h">
      <Filter>nvse</Filter>
    </ClInclude>
    <ClInclude Include="..\nvse\nvse\GameBSExtraData.h">
      <Filter>nvse</Filter>
    </ClInclude>
    <ClInclude Include="..\nvse\nvse\GameData.h">
      <Filter>nvse</Filter>
    </ClInclude>
    <ClInclude Include="..\nvse\nvse\GameEffects.h">
      <Filter>nvse</Filter>
    </ClInclude>
    <ClInclude Include="..\nvse\nvse\GameExtraData.h">
      <Filter>nvse</Filter>
    </ClInclude>
    <ClInclude Include="..\nvse\nvse\GameForms.h">
      <Filter>nvse</Filter>
    </ClInclude>
    <ClInclude Include="..\nvse\nvse\GameObjects.h">
      <Filter>nvse</Filter>
    </ClInclude>
    <ClInclude Include="..\nvse\nvse\GameOSDepend.h">
      <Filter>nvse</Filter>
    </ClInclude>
    <ClInclude Include="..\nvse\nvse\GameRTTI.h">
      <Filter>nvse</Filter>
    </ClInclude>
    <ClInclude Include="..\nvse\nvse\GameSettings.h">
      <Filter>nvse</Filter>
    </ClInclude>
    <ClInclude Include="..\nvse\nvse\GameTasks.h">
      <Filter>nvse</Filter>
    </ClInclude>
    <ClInclude Include="..\nvse\nvse\GameTiles.h">
      <Filter>nvse</Filter>
    </ClInclude>
    <ClInclude Include="..\nvse\nvse\GameTypes.h">
      <Filter>nvse</Filter>
    </ClInclude>
    <ClInclude Include="..\nvse\nvse\SafeWrite.h">
      <Filter>nvse</Filter>
    </ClInclude>
    <ClInclude Include="..\nvse\nvse\Utilities.h">
      <Filter>nvse</Filter>
    </ClInclude>
    <ClInclude Include="..\nvse\nvse\containers.h">
      <Filter>nvse</Filter>
    </ClInclude>
    <ClInclude Include="..\nvse\nvse\utility.h">
      <Filter>nvse</Filter>
    </ClInclude>
    <ClInclude Include="..\nvse\nvse\CommandTable.h">
      <Filter>nvse</Filter>
    </ClInclude>
    <ClInclude Include="..\nvse\nvse\GameScript.h">
      <Filter>nvse</Filter>
    </ClInclude>
    <ClInclude Include="..\nvse\nvse\GameProcess.h">
      <Filter>nvse</Filter>
    </ClInclude>
    <ClInclude Include="..\nvse\nvse\PluginAPI.h">
      <Filter>nvse</Filter>
    </ClInclude>
    <ClInclude Include="..\nvse\nvse\GameUI.h">
      <Filter>nvse</Filter>
    </ClInclude>
    <ClInclude Include="ppNVSE.h" />
    <ClInclude Include="ppNVSE_Functions.h">
      <Filter>ppNVSE\functions</Filter>
    </ClInclude>
    <ClInclude Include="..\nvse\nvse\InventoryReference.h">
      <Filter>nvse</Filter>
    </ClInclude>
    <ClInclude Include="WS_Funct.h">
      <Filter>ppNVSE\functions</Filter>
    </ClInclude>
    <ClInclude Include="game_types.h">
      <Filter>kNVSE</Filter>
    </ClInclude>
    <ClInclude Include="commands_animation.h">
      <Filter>kNVSE</Filter>
    </ClInclude>
    <ClInclude Include="class_vtbls.h">
      <Filter>nvse</Filter>
    </ClInclude>
    <ClInclude Include="SaveSystem.h">
      <Filter>ppNVSE\SaveSystem</Filter>
    </ClInclude>
    <ClInclude Include="Initializers.h">
      <Filter>ppNVSE\Initializers</Filter>
    </ClInclude>
    <ClInclude Include="Actor_Ext.h">
      <Filter>ppNVSE\DataExtensions</Filter>
    </ClInclude>
    <ClInclude Include="TestHooks.h">
      <Filter>RecycleBin</Filter>
    </ClInclude>
    <ClInclude Include="..\..\NVSE\nvse\nvse\ParamInfos.h">
      <Filter>nvse</Filter>
    </ClInclude>
    <ClInclude Include="Base_Ext.h">
      <Filter>ppNVSE\DataExtensions</Filter>
    </ClInclude>
    <ClInclude Include="InventoryRef.h">
      <Filter>ppNVSE\InventoryRefs</Filter>
    </ClInclude>
    <ClInclude Include="EventHandlers.h">
      <Filter>ppNVSE\DataExtensions</Filter>
    </ClInclude>
    <ClInclude Include="KitLoader.h">
      <Filter>ppNVSE\KitLoader</Filter>
    </ClInclude>
    <ClInclude Include="..\nvse\nvse\Commands_Script.h">
      <Filter>nvse</Filter>
    </ClInclude>
    <ClInclude Include="..\nvse\nvse\ParamInfosNVSE.h">
      <Filter>nvse</Filter>
    </ClInclude>
    <ClInclude Include="AuxVars.h">
      <Filter>ppNVSE\DataExtensions\AuxVars</Filter>
    </ClInclude>
    <ClInclude Include="DevkitCompiler.h">
      <Filter>ppNVSE\KitLoader</Filter>
    </ClInclude>
    <ClInclude Include="ScriptConverter.h">
      <Filter>ppNVSE\KitLoader\ScriptConverter</Filter>
    </ClInclude>
    <ClInclude Include="WeaponSmith.h">
      <Filter>ppNVSE\Instances</Filter>
    </ClInclude>
  </ItemGroup>
  <ItemGroup>
    <None Include="exports.def" />
  </ItemGroup>
</Project>